# THIS IS AN AUTOGENERATED FILE. DO NOT EDIT THIS FILE DIRECTLY.
# yarn lockfile v1


core-util-is@~1.0.0:
  version "1.0.2"
  resolved "https://registry.yarnpkg.com/core-util-is/-/core-util-is-1.0.2.tgz#b5fd54220aa2bc5ab57aab7140c940754503c1a7"
  integrity sha1-tf1UIgqivFq1eqtxQMlAdUUDwac=

debug@^4.0.1:
  version "4.1.1"
  resolved "https://registry.yarnpkg.com/debug/-/debug-4.1.1.tgz#3b72260255109c6b589cee050f1d516139664791"
  integrity sha512-pYAIzeRo8J6KPEaJ0VWOh5Pzkbw/RetuzehGM7QRRX5he4fPHx2rdKMB256ehJCkX+XRQm16eZLqLNS8RSZXZw==
  dependencies:
    ms "^2.1.1"

duplex-json-stream@^1.0.1:
  version "1.0.1"
  resolved "https://registry.yarnpkg.com/duplex-json-stream/-/duplex-json-stream-1.0.1.tgz#454ad77d791091b0b0866b5bf57dadcdfb070db7"
  integrity sha1-RUrXfXkQkbCwhmtb9X2tzfsHDbc=
  dependencies:
    ndjson "^1.4.2"
    pumpify "^1.3.3"

duplexify@^3.6.0:
  version "3.7.1"
  resolved "https://registry.yarnpkg.com/duplexify/-/duplexify-3.7.1.tgz#2a4df5317f6ccfd91f86d6fd25d8d8a103b88309"
  integrity sha512-07z8uv2wMyS51kKhD1KsdXJg5WQ6t93RneqRxUHnskXVtlYYkLqM0gqStQZ3pj073g687jPCHrqNfCzawLYh5g==
  dependencies:
    end-of-stream "^1.0.0"
    inherits "^2.0.1"
    readable-stream "^2.0.0"
    stream-shift "^1.0.0"

end-of-stream@^1.0.0, end-of-stream@^1.1.0:
  version "1.4.4"
  resolved "https://registry.yarnpkg.com/end-of-stream/-/end-of-stream-1.4.4.tgz#5ae64a5f45057baf3626ec14da0ca5e4b2431eb0"
  integrity sha512-+uw1inIHVPQoaVuHzRyXd21icM+cnt4CzD5rW+NC1wjOUSTOs+Te7FOv7AhN7vS9x/oIyhLP5PR1H+phQAHu5Q==
  dependencies:
    once "^1.4.0"

fully-connected-topology@^1.1.1:
  version "1.1.1"
  resolved "https://registry.yarnpkg.com/fully-connected-topology/-/fully-connected-topology-1.1.1.tgz#5f418566dee3d533fec43353756718339c9fd09f"
  integrity sha1-X0GFZt7j1TP+xDNTdWcYM5yf0J8=
  dependencies:
    length-prefixed-message "^3.0.2"
    network-address "^0.0.4"
    once "^1.3.0"

get-browser-rtc@^1.0.0:
  version "1.0.2"
  resolved "https://registry.yarnpkg.com/get-browser-rtc/-/get-browser-rtc-1.0.2.tgz#bbcd40c8451a7ed4ef5c373b8169a409dd1d11d9"
  integrity sha1-u81AyEUaftTvXDc7gWmkCd0dEdk=

hash-index@^3.0.0:
  version "3.0.0"
  resolved "https://registry.yarnpkg.com/hash-index/-/hash-index-3.0.0.tgz#e4ec9d750b31028d6e15d14cddc7fd96e1211259"
  integrity sha1-5OyddQsxAo1uFdFM3cf9luEhElk=

hash-to-port@^1.1.0:
  version "1.1.0"
  resolved "https://registry.yarnpkg.com/hash-to-port/-/hash-to-port-1.1.0.tgz#22783d193a90006f8d8536e16c21ac54982ef19b"
  integrity sha512-obuSB8X1J20axhwPm4Y0ReFVac9e8Xpo261TAJ9xv3/d5RBgoB8YFPQ7gb+7xRiJ1SSm5YYKgqU+3irkHOlJUg==
  dependencies:
    hash-index "^3.0.0"

inherits@^2.0.1, inherits@^2.0.3, inherits@~2.0.3:
  version "2.0.4"
  resolved "https://registry.yarnpkg.com/inherits/-/inherits-2.0.4.tgz#0fa2c64f932917c3433a0ded55363aae37416b7c"
  integrity sha512-k/vGaX4/Yla3WzyMCvTQOXYeIHvqOKtnqBduzTHpzpQZzAskKMhZ2K+EnBiSM9zGSoIFeMpXKxa4dYeZIQqewQ==

isarray@~1.0.0:
  version "1.0.0"
  resolved "https://registry.yarnpkg.com/isarray/-/isarray-1.0.0.tgz#bb935d48582cba168c06834957a54a3e07124f11"
  integrity sha1-u5NdSFgsuhaMBoNJV6VKPgcSTxE=

json-stringify-safe@^5.0.1:
  version "5.0.1"
  resolved "https://registry.yarnpkg.com/json-stringify-safe/-/json-stringify-safe-5.0.1.tgz#1296a2d58fd45f19a0f6ce01d65701e2c735b6eb"
  integrity sha1-Epai1Y/UXxmg9s4B1lcB4sc1tus=

length-prefixed-message@^3.0.2:
  version "3.0.4"
  resolved "https://registry.yarnpkg.com/length-prefixed-message/-/length-prefixed-message-3.0.4.tgz#a932b1aa59793079a2a5e9d1c016576610586243"
  integrity sha512-Tqyx4nggb9nkLD6p4hyIz7UiVNg5u3OnCP2h0hS/HXpheH88rsoNEgNB8xTnpPMw6zWXGZ7Cpg1zhWPlsJ0/TQ==
  dependencies:
    varint "^3.0.1"

lookup-multicast-dns@^1.0.3:
  version "1.0.3"
  resolved "https://registry.yarnpkg.com/lookup-multicast-dns/-/lookup-multicast-dns-1.0.3.tgz#980e9ede25e4c2e3b77b0dbaea7f06565b74ecfa"
  integrity sha1-mA6e3iXkwuO3ew266n8GVlt07Po=
  dependencies:
    multicast-dns "^3.0.0"

minimist@^1.2.0:
  version "1.2.0"
  resolved "https://registry.yarnpkg.com/minimist/-/minimist-1.2.0.tgz#a35008b20f41383eec1fb914f4cd5df79a264284"
  integrity sha1-o1AIsg9BOD7sH7kU9M1d95omQoQ=

ms@^2.1.1:
  version "2.1.2"
  resolved "https://registry.yarnpkg.com/ms/-/ms-2.1.2.tgz#d09d1f357b443f493382a8eb3ccd183872ae6009"
  integrity sha512-sGkPx+VjMtmA6MX27oA4FBFELFCZZ4S4XqeGOXCv68tT+jb3vk/RyaKWP0PTKyWtmLSM0b+adUTEvbs1PEaH2w==

multicast-dns@^3.0.0:
  version "3.0.0"
  resolved "https://registry.yarnpkg.com/multicast-dns/-/multicast-dns-3.0.0.tgz#2bd7956425836b90f9ecb85685e2ae2b35dbae19"
  integrity sha1-K9eVZCWDa5D57LhWheKuKzXbrhk=
  dependencies:
    thunky "^0.1.0"

ndjson@^1.4.2:
  version "1.5.0"
  resolved "https://registry.yarnpkg.com/ndjson/-/ndjson-1.5.0.tgz#ae603b36b134bcec347b452422b0bf98d5832ec8"
  integrity sha1-rmA7NrE0vOw0e0UkIrC/mNWDLsg=
  dependencies:
    json-stringify-safe "^5.0.1"
    minimist "^1.2.0"
    split2 "^2.1.0"
    through2 "^2.0.3"

network-address@^0.0.4:
  version "0.0.4"
  resolved "https://registry.yarnpkg.com/network-address/-/network-address-0.0.4.tgz#4dc7a8400a9fbac6b845a2c7bf3f06bcf9b2eedf"
  integrity sha1-TceoQAqfusa4RaLHvz8GvPmy7t8=

network-address@^1.0.0:
  version "1.1.2"
  resolved "https://registry.yarnpkg.com/network-address/-/network-address-1.1.2.tgz#4aa7bfd43f03f0b81c9702b13d6a858ddb326f3e"
  integrity sha1-Sqe/1D8D8LgclwKxPWqFjdsybz4=

once@^1.3.0, once@^1.3.1, once@^1.4.0:
  version "1.4.0"
  resolved "https://registry.yarnpkg.com/once/-/once-1.4.0.tgz#583b1aa775961d4b113ac17d9c50baef9dd76bd1"
  integrity sha1-WDsap3WWHUsROsF9nFC6753Xa9E=
  dependencies:
    wrappy "1"

process-nextick-args@~2.0.0:
  version "2.0.1"
  resolved "https://registry.yarnpkg.com/process-nextick-args/-/process-nextick-args-2.0.1.tgz#7820d9b16120cc55ca9ae7792680ae7dba6d7fe2"
  integrity sha512-3ouUOpQhtgrbOa17J7+uxOTpITYWaGP7/AhoR3+A+/1e9skrzelGi/dXzEYyvbxubEF6Wn2ypscTKiKJFFn1ag==

pump@^2.0.0:
  version "2.0.1"
  resolved "https://registry.yarnpkg.com/pump/-/pump-2.0.1.tgz#12399add6e4cf7526d973cbc8b5ce2e2908b3909"
  integrity sha512-ruPMNRkN3MHP1cWJc9OWr+T/xDP0jhXYCLfJcBuX54hhfIBnaQmAUMfDcG4DM5UMWByBbJY69QSphm3jtDKIkA==
  dependencies:
    end-of-stream "^1.1.0"
    once "^1.3.1"

pumpify@^1.3.3:
  version "1.5.1"
  resolved "https://registry.yarnpkg.com/pumpify/-/pumpify-1.5.1.tgz#36513be246ab27570b1a374a5ce278bfd74370ce"
  integrity sha512-oClZI37HvuUJJxSKKrC17bZ9Cu0ZYhEAGPsPUy9KlMUmv9dKX2o77RUmq7f3XjIxbwyGwYzbzQ1L2Ks8sIradQ==
  dependencies:
    duplexify "^3.6.0"
    inherits "^2.0.3"
    pump "^2.0.0"

randombytes@^2.0.3:
  version "2.1.0"
  resolved "https://registry.yarnpkg.com/randombytes/-/randombytes-2.1.0.tgz#df6f84372f0270dc65cdf6291349ab7a473d4f2a"
  integrity sha512-vYl3iOX+4CKUWuxGi9Ukhie6fsqXqS9FE2Zaic4tNFD2N2QQaXOMFbuKK4QmDHC0JO6B1Zp41J0LpT0oR68amQ==
  dependencies:
    safe-buffer "^5.1.0"

readable-stream@^2.0.0, readable-stream@~2.3.6:
  version "2.3.6"
  resolved "https://registry.yarnpkg.com/readable-stream/-/readable-stream-2.3.6.tgz#b11c27d88b8ff1fbe070643cf94b0c79ae1b0aaf"
  integrity sha512-tQtKA9WIAhBF3+VLAseyMqZeBjW0AHJoxOtYqSUZNJxauErmLbVm2FW1y+J/YA9dUrAC39ITejlZWhVIwawkKw==
  dependencies:
    core-util-is "~1.0.0"
    inherits "~2.0.3"
    isarray "~1.0.0"
    process-nextick-args "~2.0.0"
    safe-buffer "~5.1.1"
    string_decoder "~1.1.1"
    util-deprecate "~1.0.1"

readable-stream@^3.4.0:
  version "3.4.0"
  resolved "https://registry.yarnpkg.com/readable-stream/-/readable-stream-3.4.0.tgz#a51c26754658e0a3c21dbf59163bd45ba6f447fc"
  integrity sha512-jItXPLmrSR8jmTRmRWJXCnGJsfy85mB3Wd/uINMXA65yrnFo0cPClFIUWzo2najVNSl+mx7/4W8ttlLWJe99pQ==
  dependencies:
    inherits "^2.0.3"
    string_decoder "^1.1.1"
    util-deprecate "^1.0.1"

register-multicast-dns@^1.1.0:
  version "1.1.0"
  resolved "https://registry.yarnpkg.com/register-multicast-dns/-/register-multicast-dns-1.1.0.tgz#20042afc70e8204fc9a0528e48edc4f87e344c96"
  integrity sha1-IAQq/HDoIE/JoFKOSO3E+H40TJY=
  dependencies:
    multicast-dns "^3.0.0"
    network-address "^1.0.0"

safe-buffer@^5.1.0, safe-buffer@~5.2.0:
  version "5.2.0"
  resolved "https://registry.yarnpkg.com/safe-buffer/-/safe-buffer-5.2.0.tgz#b74daec49b1148f88c64b68d49b1e815c1f2f519"
  integrity sha512-fZEwUGbVl7kouZs1jCdMLdt95hdIv0ZeHg6L7qPeciMZhZ+/gdesW4wgTARkrFWEpspjEATAzUGPG8N2jJiwbg==

safe-buffer@~5.1.0, safe-buffer@~5.1.1:
  version "5.1.2"
  resolved "https://registry.yarnpkg.com/safe-buffer/-/safe-buffer-5.1.2.tgz#991ec69d296e0313747d59bdfd2b745c35f8828d"
  integrity sha512-Gd2UZBJDkXlY7GbJxfsE8/nvKkUEU1G38c1siN6QP6a9PT9MmHB8GnpscSmMJSoF8LOIrt8ud/wPtojys4G6+g==

simple-peer@^9.5.0:
  version "9.5.0"
  resolved "https://registry.yarnpkg.com/simple-peer/-/simple-peer-9.5.0.tgz#67ba8bd4b54efc3acf19aceafdc118b27e24fcbc"
  integrity sha512-3tROq3nBo/CIZI8PWlXGbAxQIlQF6KQ/zcd4lQ2pAC4+rPiV7E721hI22nTO54uw/nzb2HKbvmDtZ4Wr173+vA==
  dependencies:
    debug "^4.0.1"
    get-browser-rtc "^1.0.0"
    inherits "^2.0.1"
    randombytes "^2.0.3"
    readable-stream "^3.4.0"

split2@^2.1.0:
  version "2.2.0"
  resolved "https://registry.yarnpkg.com/split2/-/split2-2.2.0.tgz#186b2575bcf83e85b7d18465756238ee4ee42493"
  integrity sha512-RAb22TG39LhI31MbreBgIuKiIKhVsawfTgEGqKHTK87aG+ul/PB8Sqoi3I7kVdRWiCfrKxK3uo4/YUkpNvhPbw==
  dependencies:
    through2 "^2.0.2"

stream-set@^1.1.0:
  version "1.1.0"
  resolved "https://registry.yarnpkg.com/stream-set/-/stream-set-1.1.0.tgz#ededc619e1351719e55f7f3e15dbe6b63196ee1f"
  integrity sha1-7e3GGeE1FxnlX38+FdvmtjGW7h8=
  dependencies:
    end-of-stream "^1.1.0"

stream-shift@^1.0.0:
  version "1.0.0"
  resolved "https://registry.yarnpkg.com/stream-shift/-/stream-shift-1.0.0.tgz#d5c752825e5367e786f78e18e445ea223a155952"
  integrity sha1-1cdSgl5TZ+eG944Y5EXqIjoVWVI=

string_decoder@^1.1.1:
  version "1.3.0"
  resolved "https://registry.yarnpkg.com/string_decoder/-/string_decoder-1.3.0.tgz#42f114594a46cf1a8e30b0a84f56c78c3edac21e"
  integrity sha512-hkRX8U1WjJFd8LsDJ2yQ/wWWxaopEsABU1XfkM8A+j0+85JAGppt16cr1Whg6KIbb4okU6Mql6BOj+uup/wKeA==
  dependencies:
    safe-buffer "~5.2.0"

string_decoder@~1.1.1:
  version "1.1.1"
  resolved "https://registry.yarnpkg.com/string_decoder/-/string_decoder-1.1.1.tgz#9cf1611ba62685d7030ae9e4ba34149c3af03fc8"
  integrity sha512-n/ShnvDi6FHbbVfviro+WojiFzv+s8MPMHBczVePfUpDJLwoLT0ht1l4YwBCbi8pJAveEEdnkHyPyTP/mzRfwg==
  dependencies:
    safe-buffer "~5.1.0"

through2@^2.0.2, through2@^2.0.3:
  version "2.0.5"
  resolved "https://registry.yarnpkg.com/through2/-/through2-2.0.5.tgz#01c1e39eb31d07cb7d03a96a70823260b23132cd"
  integrity sha512-/mrRod8xqpA+IHSLyGCQ2s8SPHiCDEeQJSep1jqLYeEUClOFG2Qsh+4FU6G9VeqpZnGW/Su8LQGc4YKni5rYSQ==
  dependencies:
    readable-stream "~2.3.6"
    xtend "~4.0.1"

thunky@^0.1.0:
  version "0.1.0"
  resolved "https://registry.yarnpkg.com/thunky/-/thunky-0.1.0.tgz#bf30146824e2b6e67b0f2d7a4ac8beb26908684e"
  integrity sha1-vzAUaCTituZ7Dy16Ssi+smkIaE4=

util-deprecate@^1.0.1, util-deprecate@~1.0.1:
  version "1.0.2"
  resolved "https://registry.yarnpkg.com/util-deprecate/-/util-deprecate-1.0.2.tgz#450d4dc9fa70de732762fbd2d4a28981419a0ccf"
  integrity sha1-RQ1Nyfpw3nMnYvvS1KKJgUGaDM8=

varint@^3.0.1:
  version "3.0.1"
  resolved "https://registry.yarnpkg.com/varint/-/varint-3.0.1.tgz#9d3f53e036c0ab12000a74bc2d24cbf093a581d9"
  integrity sha1-nT9T4DbAqxIACnS8LSTL8JOlgdk=

wrappy@1:
  version "1.0.2"
  resolved "https://registry.yarnpkg.com/wrappy/-/wrappy-1.0.2.tgz#b5243d8f3ec1aa35f1364605bc0d1036e30ab69f"
  integrity sha1-tSQ9jz7BqjXxNkYFvA0QNuMKtp8=

xtend@~4.0.1:
  version "4.0.2"
  resolved "https://registry.yarnpkg.com/xtend/-/xtend-4.0.2.tgz#bb72779f5fa465186b1f438f674fa347fdb5db54"
  integrity sha512-LKYU1iAXJXUgAXn9URjiu+MWhyUXHsvfp7mcuYm9dSUKK0/CjtrUwFAxD82/mCWbtLsGjFIad0wIsod4zrTAEQ==
